schema: '2.0'
stages:
  load_data:
    cmd: python src/stage_01_load_save.py --config=config/config.yaml
    deps:
    - path: config/config.yaml
      md5: 4db7a9b350cef64dbcec22bbc21cdf63
      size: 473
    - path: src/stage_01_load_save.py
      md5: 14dd6e361b75f3752fe0e7e8f9ebc527
      size: 1738
    - path: src/utils/all_utils.py
      md5: a03802f38c0b8aaf892f2b14fca54683
      size: 990
    outs:
    - path: data/cat
      md5: 2acc285e327d446c48b2deae2794c043.dir
      size: 18570831
      nfiles: 103
    - path: data/dog
      md5: 4cd98e0169f25b4675d46cbc1b678d2d.dir
      size: 19364112
      nfiles: 174
